
Microsoft Visual Studio Solution File, Format Version 12.00
# Visual Studio Version 16
VisualStudioVersion = 16.0.28922.388
MinimumVisualStudioVersion = 10.0.40219.1
Project("{FAE04EC0-301F-11D3-BF4B-00C04F79EFBC}") = "LanguageToClassApp", "LanguageToClassApp\LanguageToClassApp.csproj", "{B44CFD91-F53A-4CC7-AC07-4A4AF0C3ED55}"
	ProjectSection(ProjectDependencies) = postProject
		{EB6ACF83-3D5D-4460-9143-EA5F63B13840} = {EB6ACF83-3D5D-4460-9143-EA5F63B13840}
	EndProjectSection
EndProject
Project("{FAE04EC0-301F-11D3-BF4B-00C04F79EFBC}") = "LanguageToObjectLibrary", "LanguageToObjectLibrary\LanguageToObjectLibrary.csproj", "{AB8DD506-186C-4884-8306-43969CC84041}"
EndProject
Project("{FAE04EC0-301F-11D3-BF4B-00C04F79EFBC}") = "UtileriaFramework", "UtileriaFramework\UtileriaFramework.csproj", "{EB6ACF83-3D5D-4460-9143-EA5F63B13840}"
EndProject
Project("{FAE04EC0-301F-11D3-BF4B-00C04F79EFBC}") = "PasteXmlV2", "PasteXmlV2\PasteXmlV2.csproj", "{745CE051-E8CE-41B2-B263-79F51FCC5BA4}"
EndProject
Global
	GlobalSection(SolutionConfigurationPlatforms) = preSolution
		Debug|Any CPU = Debug|Any CPU
		Release|Any CPU = Release|Any CPU
	EndGlobalSection
	GlobalSection(ProjectConfigurationPlatforms) = postSolution
		{B44CFD91-F53A-4CC7-AC07-4A4AF0C3ED55}.Debug|Any CPU.ActiveCfg = Debug|Any CPU
		{B44CFD91-F53A-4CC7-AC07-4A4AF0C3ED55}.Debug|Any CPU.Build.0 = Debug|Any CPU
		{B44CFD91-F53A-4CC7-AC07-4A4AF0C3ED55}.Release|Any CPU.ActiveCfg = Release|Any CPU
		{B44CFD91-F53A-4CC7-AC07-4A4AF0C3ED55}.Release|Any CPU.Build.0 = Release|Any CPU
		{AB8DD506-186C-4884-8306-43969CC84041}.Debug|Any CPU.ActiveCfg = Debug|Any CPU
		{AB8DD506-186C-4884-8306-43969CC84041}.Debug|Any CPU.Build.0 = Debug|Any CPU
		{AB8DD506-186C-4884-8306-43969CC84041}.Release|Any CPU.ActiveCfg = Release|Any CPU
		{AB8DD506-186C-4884-8306-43969CC84041}.Release|Any CPU.Build.0 = Release|Any CPU
		{EB6ACF83-3D5D-4460-9143-EA5F63B13840}.Debug|Any CPU.ActiveCfg = Debug|Any CPU
		{EB6ACF83-3D5D-4460-9143-EA5F63B13840}.Debug|Any CPU.Build.0 = Debug|Any CPU
		{EB6ACF83-3D5D-4460-9143-EA5F63B13840}.Release|Any CPU.ActiveCfg = Release|Any CPU
		{EB6ACF83-3D5D-4460-9143-EA5F63B13840}.Release|Any CPU.Build.0 = Release|Any CPU
		{745CE051-E8CE-41B2-B263-79F51FCC5BA4}.Debug|Any CPU.ActiveCfg = Debug|Any CPU
		{745CE051-E8CE-41B2-B263-79F51FCC5BA4}.Debug|Any CPU.Build.0 = Debug|Any CPU
		{745CE051-E8CE-41B2-B263-79F51FCC5BA4}.Release|Any CPU.ActiveCfg = Release|Any CPU
		{745CE051-E8CE-41B2-B263-79F51FCC5BA4}.Release|Any CPU.Build.0 = Release|Any CPU
	EndGlobalSection
	GlobalSection(SolutionProperties) = preSolution
		HideSolutionNode = FALSE
	EndGlobalSection
	GlobalSection(ExtensibilityGlobals) = postSolution
		SolutionGuid = {82074A86-24E8-4338-9DA2-37FF8DA77F05}
	EndGlobalSection
EndGlobal
